
Microsoft Visual Studio Solution File, Format Version 12.00
# Visual Studio Version 17
VisualStudioVersion = 17.11.35219.272
MinimumVisualStudioVersion = 10.0.40219.1
Project("{FAE04EC0-301F-11D3-BF4B-00C04F79EFBC}") = "MovieReportApp0", "MovieReportApp0\MovieReportApp0.csproj", "{F421E290-85E0-4636-AFF8-0723BC63EE48}"
EndProject
Global
	GlobalSection(SolutionConfigurationPlatforms) = preSolution
		Debug|Any CPU = Debug|Any CPU
		Release|Any CPU = Release|Any CPU
	EndGlobalSection
	GlobalSection(ProjectConfigurationPlatforms) = postSolution
		{F421E290-85E0-4636-AFF8-0723BC63EE48}.Debug|Any CPU.ActiveCfg = Debug|Any CPU
		{F421E290-85E0-4636-AFF8-0723BC63EE48}.Debug|Any CPU.Build.0 = Debug|Any CPU
		{F421E290-85E0-4636-AFF8-0723BC63EE48}.Release|Any CPU.ActiveCfg = Release|Any CPU
		{F421E290-85E0-4636-AFF8-0723BC63EE48}.Release|Any CPU.Build.0 = Release|Any CPU
	EndGlobalSection
	GlobalSection(SolutionProperties) = preSolution
		HideSolutionNode = FALSE
	EndGlobalSection
	GlobalSection(ExtensibilityGlobals) = postSolution
		SolutionGuid = {1D3830B0-2390-424E-BCB7-DBB520D46192}
	EndGlobalSection
EndGlobal
